// !$*UTF8*$!
{
	archiveVersion = 1;
	classes = {
	};
	objectVersion = 46;
	objects = {

/* Begin PBXBuildFile section */
		FBAF20F518B5148100AC7B67 /* Foundation.framework in Frameworks */ = {isa = PBXBuildFile; fileRef = FBAF20F418B5148100AC7B67 /* Foundation.framework */; };
		FBAF20F718B5148100AC7B67 /* CoreGraphics.framework in Frameworks */ = {isa = PBXBuildFile; fileRef = FBAF20F618B5148100AC7B67 /* CoreGraphics.framework */; };
		FBAF20F918B5148100AC7B67 /* UIKit.framework in Frameworks */ = {isa = PBXBuildFile; fileRef = FBAF20F818B5148100AC7B67 /* UIKit.framework */; };
		FBAF20FF18B5148100AC7B67 /* InfoPlist.strings in Resources */ = {isa = PBXBuildFile; fileRef = FBAF20FD18B5148100AC7B67 /* InfoPlist.strings */; };
		FBAF210118B5148100AC7B67 /* main.m in Sources */ = {isa = PBXBuildFile; fileRef = FBAF210018B5148100AC7B67 /* main.m */; };
		FBAF210518B5148100AC7B67 /* AppDelegate.m in Sources */ = {isa = PBXBuildFile; fileRef = FBAF210418B5148100AC7B67 /* AppDelegate.m */; };
		FBAF210818B5148100AC7B67 /* Main.storyboard in Resources */ = {isa = PBXBuildFile; fileRef = FBAF210618B5148100AC7B67 /* Main.storyboard */; };
		FBAF210B18B5148100AC7B67 /* MasterViewController.m in Sources */ = {isa = PBXBuildFile; fileRef = FBAF210A18B5148100AC7B67 /* MasterViewController.m */; };
		FBAF210E18B5148100AC7B67 /* DetailViewController.m in Sources */ = {isa = PBXBuildFile; fileRef = FBAF210D18B5148100AC7B67 /* DetailViewController.m */; };
		FBAF211018B5148100AC7B67 /* Images.xcassets in Resources */ = {isa = PBXBuildFile; fileRef = FBAF210F18B5148100AC7B67 /* Images.xcassets */; };
		FBAF211718B5148100AC7B67 /* XCTest.framework in Frameworks */ = {isa = PBXBuildFile; fileRef = FBAF211618B5148100AC7B67 /* XCTest.framework */; };
		FBAF211818B5148100AC7B67 /* Foundation.framework in Frameworks */ = {isa = PBXBuildFile; fileRef = FBAF20F418B5148100AC7B67 /* Foundation.framework */; };
		FBAF211918B5148100AC7B67 /* UIKit.framework in Frameworks */ = {isa = PBXBuildFile; fileRef = FBAF20F818B5148100AC7B67 /* UIKit.framework */; };
		FBAF212118B5148100AC7B67 /* InfoPlist.strings in Resources */ = {isa = PBXBuildFile; fileRef = FBAF211F18B5148100AC7B67 /* InfoPlist.strings */; };
		FBAF212318B5148100AC7B67 /* examenParcial1Tests.m in Sources */ = {isa = PBXBuildFile; fileRef = FBAF212218B5148100AC7B67 /* examenParcial1Tests.m */; };
/* End PBXBuildFile section */

/* Begin PBXContainerItemProxy section */
		FBAF211A18B5148100AC7B67 /* PBXContainerItemProxy */ = {
			isa = PBXContainerItemProxy;
			containerPortal = FBAF20E918B5148100AC7B67 /* Project object */;
			proxyType = 1;
			remoteGlobalIDString = FBAF20F018B5148100AC7B67;
			remoteInfo = examenParcial1;
		};
/* End PBXContainerItemProxy section */

/* Begin PBXFileReference section */
		FBAF20F118B5148100AC7B67 /* examenParcial1.app */ = {isa = PBXFileReference; explicitFileType = wrapper.application; includeInIndex = 0; path = examenParcial1.app; sourceTree = BUILT_PRODUCTS_DIR; };
		FBAF20F418B5148100AC7B67 /* Foundation.framework */ = {isa = PBXFileReference; lastKnownFileType = wrapper.framework; name = Foundation.framework; path = System/Library/Frameworks/Foundation.framework; sourceTree = SDKROOT; };
		FBAF20F618B5148100AC7B67 /* CoreGraphics.framework */ = {isa = PBXFileReference; lastKnownFileType = wrapper.framework; name = CoreGraphics.framework; path = System/Library/Frameworks/CoreGraphics.framework; sourceTree = SDKROOT; };
		FBAF20F818B5148100AC7B67 /* UIKit.framework */ = {isa = PBXFileReference; lastKnownFileType = wrapper.framework; name = UIKit.framework; path = System/Library/Frameworks/UIKit.framework; sourceTree = SDKROOT; };
		FBAF20FC18B5148100AC7B67 /* examenParcial1-Info.plist */ = {isa = PBXFileReference; lastKnownFileType = text.plist.xml; path = "examenParcial1-Info.plist"; sourceTree = "<group>"; };
		FBAF20FE18B5148100AC7B67 /* en */ = {isa = PBXFileReference; lastKnownFileType = text.plist.strings; name = en; path = en.lproj/InfoPlist.strings; sourceTree = "<group>"; };
		FBAF210018B5148100AC7B67 /* main.m */ = {isa = PBXFileReference; lastKnownFileType = sourcecode.c.objc; path = main.m; sourceTree = "<group>"; };
		FBAF210218B5148100AC7B67 /* examenParcial1-Prefix.pch */ = {isa = PBXFileReference; lastKnownFileType = sourcecode.c.h; path = "examenParcial1-Prefix.pch"; sourceTree = "<group>"; };
		FBAF210318B5148100AC7B67 /* AppDelegate.h */ = {isa = PBXFileReference; lastKnownFileType = sourcecode.c.h; path = AppDelegate.h; sourceTree = "<group>"; };
		FBAF210418B5148100AC7B67 /* AppDelegate.m */ = {isa = PBXFileReference; lastKnownFileType = sourcecode.c.objc; path = AppDelegate.m; sourceTree = "<group>"; };
		FBAF210718B5148100AC7B67 /* Base */ = {isa = PBXFileReference; lastKnownFileType = file.storyboard; name = Base; path = Base.lproj/Main.storyboard; sourceTree = "<group>"; };
		FBAF210918B5148100AC7B67 /* MasterViewController.h */ = {isa = PBXFileReference; lastKnownFileType = sourcecode.c.h; path = MasterViewController.h; sourceTree = "<group>"; };
		FBAF210A18B5148100AC7B67 /* MasterViewController.m */ = {isa = PBXFileReference; lastKnownFileType = sourcecode.c.objc; path = MasterViewController.m; sourceTree = "<group>"; };
		FBAF210C18B5148100AC7B67 /* DetailViewController.h */ = {isa = PBXFileReference; lastKnownFileType = sourcecode.c.h; path = DetailViewController.h; sourceTree = "<group>"; };
		FBAF210D18B5148100AC7B67 /* DetailViewController.m */ = {isa = PBXFileReference; lastKnownFileType = sourcecode.c.objc; path = DetailViewController.m; sourceTree = "<group>"; };
		FBAF210F18B5148100AC7B67 /* Images.xcassets */ = {isa = PBXFileReference; lastKnownFileType = folder.assetcatalog; path = Images.xcassets; sourceTree = "<group>"; };
		FBAF211518B5148100AC7B67 /* examenParcial1Tests.xctest */ = {isa = PBXFileReference; explicitFileType = wrapper.cfbundle; includeInIndex = 0; path = examenParcial1Tests.xctest; sourceTree = BUILT_PRODUCTS_DIR; };
		FBAF211618B5148100AC7B67 /* XCTest.framework */ = {isa = PBXFileReference; lastKnownFileType = wrapper.framework; name = XCTest.framework; path = Library/Frameworks/XCTest.framework; sourceTree = DEVELOPER_DIR; };
		FBAF211E18B5148100AC7B67 /* examenParcial1Tests-Info.plist */ = {isa = PBXFileReference; lastKnownFileType = text.plist.xml; path = "examenParcial1Tests-Info.plist"; sourceTree = "<group>"; };
		FBAF212018B5148100AC7B67 /* en */ = {isa = PBXFileReference; lastKnownFileType = text.plist.strings; name = en; path = en.lproj/InfoPlist.strings; sourceTree = "<group>"; };
		FBAF212218B5148100AC7B67 /* examenParcial1Tests.m */ = {isa = PBXFileReference; lastKnownFileType = sourcecode.c.objc; path = examenParcial1Tests.m; sourceTree = "<group>"; };
/* End PBXFileReference section */

/* Begin PBXFrameworksBuildPhase section */
		FBAF20EE18B5148100AC7B67 /* Frameworks */ = {
			isa = PBXFrameworksBuildPhase;
			buildActionMask = 2147483647;
			files = (
				FBAF20F718B5148100AC7B67 /* CoreGraphics.framework in Frameworks */,
				FBAF20F918B5148100AC7B67 /* UIKit.framework in Frameworks */,
				FBAF20F518B5148100AC7B67 /* Foundation.framework in Frameworks */,
			);
			runOnlyForDeploymentPostprocessing = 0;
		};
		FBAF211218B5148100AC7B67 /* Frameworks */ = {
			isa = PBXFrameworksBuildPhase;
			buildActionMask = 2147483647;
			files = (
				FBAF211718B5148100AC7B67 /* XCTest.framework in Frameworks */,
				FBAF211918B5148100AC7B67 /* UIKit.framework in Frameworks */,
				FBAF211818B5148100AC7B67 /* Foundation.framework in Frameworks */,
			);
			runOnlyForDeploymentPostprocessing = 0;
		};
/* End PBXFrameworksBuildPhase section */

/* Begin PBXGroup section */
		FBAF20E818B5148100AC7B67 = {
			isa = PBXGroup;
			children = (
				FBAF20FA18B5148100AC7B67 /* examenParcial1 */,
				FBAF211C18B5148100AC7B67 /* examenParcial1Tests */,
				FBAF20F318B5148100AC7B67 /* Frameworks */,
				FBAF20F218B5148100AC7B67 /* Products */,
			);
			sourceTree = "<group>";
		};
		FBAF20F218B5148100AC7B67 /* Products */ = {
			isa = PBXGroup;
			children = (
				FBAF20F118B5148100AC7B67 /* examenParcial1.app */,
				FBAF211518B5148100AC7B67 /* examenParcial1Tests.xctest */,
			);
			name = Products;
			sourceTree = "<group>";
		};
		FBAF20F318B5148100AC7B67 /* Frameworks */ = {
			isa = PBXGroup;
			children = (
				FBAF20F418B5148100AC7B67 /* Foundation.framework */,
				FBAF20F618B5148100AC7B67 /* CoreGraphics.framework */,
				FBAF20F818B5148100AC7B67 /* UIKit.framework */,
				FBAF211618B5148100AC7B67 /* XCTest.framework */,
			);
			name = Frameworks;
			sourceTree = "<group>";
		};
		FBAF20FA18B5148100AC7B67 /* examenParcial1 */ = {
			isa = PBXGroup;
			children = (
				FBAF210318B5148100AC7B67 /* AppDelegate.h */,
				FBAF210418B5148100AC7B67 /* AppDelegate.m */,
				FBAF210618B5148100AC7B67 /* Main.storyboard */,
				FBAF210918B5148100AC7B67 /* MasterViewController.h */,
				FBAF210A18B5148100AC7B67 /* MasterViewController.m */,
				FBAF210C18B5148100AC7B67 /* DetailViewController.h */,
				FBAF210D18B5148100AC7B67 /* DetailViewController.m */,
				FBAF210F18B5148100AC7B67 /* Images.xcassets */,
				FBAF20FB18B5148100AC7B67 /* Supporting Files */,
			);
			path = examenParcial1;
			sourceTree = "<group>";
		};
		FBAF20FB18B5148100AC7B67 /* Supporting Files */ = {
			isa = PBXGroup;
			children = (
				FBAF20FC18B5148100AC7B67 /* examenParcial1-Info.plist */,
				FBAF20FD18B5148100AC7B67 /* InfoPlist.strings */,
				FBAF210018B5148100AC7B67 /* main.m */,
				FBAF210218B5148100AC7B67 /* examenParcial1-Prefix.pch */,
			);
			name = "Supporting Files";
			sourceTree = "<group>";
		};
		FBAF211C18B5148100AC7B67 /* examenParcial1Tests */ = {
			isa = PBXGroup;
			children = (
				FBAF212218B5148100AC7B67 /* examenParcial1Tests.m */,
				FBAF211D18B5148100AC7B67 /* Supporting Files */,
			);
			path = examenParcial1Tests;
			sourceTree = "<group>";
		};
		FBAF211D18B5148100AC7B67 /* Supporting Files */ = {
			isa = PBXGroup;
			children = (
				FBAF211E18B5148100AC7B67 /* examenParcial1Tests-Info.plist */,
				FBAF211F18B5148100AC7B67 /* InfoPlist.strings */,
			);
			name = "Supporting Files";
			sourceTree = "<group>";
		};
/* End PBXGroup section */

/* Begin PBXNativeTarget section */
		FBAF20F018B5148100AC7B67 /* examenParcial1 */ = {
			isa = PBXNativeTarget;
			buildConfigurationList = FBAF212618B5148100AC7B67 /* Build configuration list for PBXNativeTarget "examenParcial1" */;
			buildPhases = (
				FBAF20ED18B5148100AC7B67 /* Sources */,
				FBAF20EE18B5148100AC7B67 /* Frameworks */,
				FBAF20EF18B5148100AC7B67 /* Resources */,
			);
			buildRules = (
			);
			dependencies = (
			);
			name = examenParcial1;
			productName = examenParcial1;
			productReference = FBAF20F118B5148100AC7B67 /* examenParcial1.app */;
			productType = "com.apple.product-type.application";
		};
		FBAF211418B5148100AC7B67 /* examenParcial1Tests */ = {
			isa = PBXNativeTarget;
			buildConfigurationList = FBAF212918B5148100AC7B67 /* Build configuration list for PBXNativeTarget "examenParcial1Tests" */;
			buildPhases = (
				FBAF211118B5148100AC7B67 /* Sources */,
				FBAF211218B5148100AC7B67 /* Frameworks */,
				FBAF211318B5148100AC7B67 /* Resources */,
			);
			buildRules = (
			);
			dependencies = (
				FBAF211B18B5148100AC7B67 /* PBXTargetDependency */,
			);
			name = examenParcial1Tests;
			productName = examenParcial1Tests;
			productReference = FBAF211518B5148100AC7B67 /* examenParcial1Tests.xctest */;
			productType = "com.apple.product-type.bundle.unit-test";
		};
/* End PBXNativeTarget section */

/* Begin PBXProject section */
		FBAF20E918B5148100AC7B67 /* Project object */ = {
			isa = PBXProject;
			attributes = {
				LastUpgradeCheck = 0500;
				ORGANIZATIONNAME = Alumno;
				TargetAttributes = {
					FBAF211418B5148100AC7B67 = {
						TestTargetID = FBAF20F018B5148100AC7B67;
					};
				};
			};
			buildConfigurationList = FBAF20EC18B5148100AC7B67 /* Build configuration list for PBXProject "examenParcial1" */;
			compatibilityVersion = "Xcode 3.2";
			developmentRegion = English;
			hasScannedForEncodings = 0;
			knownRegions = (
				en,
				Base,
			);
			mainGroup = FBAF20E818B5148100AC7B67;
			productRefGroup = FBAF20F218B5148100AC7B67 /* Products */;
			projectDirPath = "";
			projectRoot = "";
			targets = (
				FBAF20F018B5148100AC7B67 /* examenParcial1 */,
				FBAF211418B5148100AC7B67 /* examenParcial1Tests */,
			);
		};
/* End PBXProject section */

/* Begin PBXResourcesBuildPhase section */
		FBAF20EF18B5148100AC7B67 /* Resources */ = {
			isa = PBXResourcesBuildPhase;
			buildActionMask = 2147483647;
			files = (
				FBAF211018B5148100AC7B67 /* Images.xcassets in Resources */,
				FBAF20FF18B5148100AC7B67 /* InfoPlist.strings in Resources */,
				FBAF210818B5148100AC7B67 /* Main.storyboard in Resources */,
			);
			runOnlyForDeploymentPostprocessing = 0;
		};
		FBAF211318B5148100AC7B67 /* Resources */ = {
			isa = PBXResourcesBuildPhase;
			buildActionMask = 2147483647;
			files = (
				FBAF212118B5148100AC7B67 /* InfoPlist.strings in Resources */,
			);
			runOnlyForDeploymentPostprocessing = 0;
		};
/* End PBXResourcesBuildPhase section */

/* Begin PBXSourcesBuildPhase section */
		FBAF20ED18B5148100AC7B67 /* Sources */ = {
			isa = PBXSourcesBuildPhase;
			buildActionMask = 2147483647;
			files = (
				FBAF210518B5148100AC7B67 /* AppDelegate.m in Sources */,
				FBAF210B18B5148100AC7B67 /* MasterViewController.m in Sources */,
				FBAF210118B5148100AC7B67 /* main.m in Sources */,
				FBAF210E18B5148100AC7B67 /* DetailViewController.m in Sources */,
			);
			runOnlyForDeploymentPostprocessing = 0;
		};
		FBAF211118B5148100AC7B67 /* Sources */ = {
			isa = PBXSourcesBuildPhase;
			buildActionMask = 2147483647;
			files = (
				FBAF212318B5148100AC7B67 /* examenParcial1Tests.m in Sources */,
			);
			runOnlyForDeploymentPostprocessing = 0;
		};
/* End PBXSourcesBuildPhase section */

/* Begin PBXTargetDependency section */
		FBAF211B18B5148100AC7B67 /* PBXTargetDependency */ = {
			isa = PBXTargetDependency;
			target = FBAF20F018B5148100AC7B67 /* examenParcial1 */;
			targetProxy = FBAF211A18B5148100AC7B67 /* PBXContainerItemProxy */;
		};
/* End PBXTargetDependency section */

/* Begin PBXVariantGroup section */
		FBAF20FD18B5148100AC7B67 /* InfoPlist.strings */ = {
			isa = PBXVariantGroup;
			children = (
				FBAF20FE18B5148100AC7B67 /* en */,
			);
			name = InfoPlist.strings;
			sourceTree = "<group>";
		};
		FBAF210618B5148100AC7B67 /* Main.storyboard */ = {
			isa = PBXVariantGroup;
			children = (
				FBAF210718B5148100AC7B67 /* Base */,
			);
			name = Main.storyboard;
			sourceTree = "<group>";
		};
		FBAF211F18B5148100AC7B67 /* InfoPlist.strings */ = {
			isa = PBXVariantGroup;
			children = (
				FBAF212018B5148100AC7B67 /* en */,
			);
			name = InfoPlist.strings;
			sourceTree = "<group>";
		};
/* End PBXVariantGroup section */

/* Begin XCBuildConfiguration section */
		FBAF212418B5148100AC7B67 /* Debug */ = {
			isa = XCBuildConfiguration;
			buildSettings = {
				ALWAYS_SEARCH_USER_PATHS = NO;
				ARCHS = "$(ARCHS_STANDARD_INCLUDING_64_BIT)";
				CLANG_CXX_LANGUAGE_STANDARD = "gnu++0x";
				CLANG_CXX_LIBRARY = "libc++";
				CLANG_ENABLE_MODULES = YES;
				CLANG_ENABLE_OBJC_ARC = YES;
				CLANG_WARN_BOOL_CONVERSION = YES;
				CLANG_WARN_CONSTANT_CONVERSION = YES;
				CLANG_WARN_DIRECT_OBJC_ISA_USAGE = YES_ERROR;
				CLANG_WARN_EMPTY_BODY = YES;
				CLANG_WARN_ENUM_CONVERSION = YES;
				CLANG_WARN_INT_CONVERSION = YES;
				CLANG_WARN_OBJC_ROOT_CLASS = YES_ERROR;
				CLANG_WARN__DUPLICATE_METHOD_MATCH = YES;
				"CODE_SIGN_IDENTITY[sdk=iphoneos*]" = "iPhone Developer";
				COPY_PHASE_STRIP = NO;
				GCC_C_LANGUAGE_STANDARD = gnu99;
				GCC_DYNAMIC_NO_PIC = NO;
				GCC_OPTIMIZATION_LEVEL = 0;
				GCC_PREPROCESSOR_DEFINITIONS = (
					"DEBUG=1",
					"$(inherited)",
				);
				GCC_SYMBOLS_PRIVATE_EXTERN = NO;
				GCC_WARN_64_TO_32_BIT_CONVERSION = YES;
				GCC_WARN_ABOUT_RETURN_TYPE = YES_ERROR;
				GCC_WARN_UNDECLARED_SELECTOR = YES;
				GCC_WARN_UNINITIALIZED_AUTOS = YES;
				GCC_WARN_UNUSED_FUNCTION = YES;
				GCC_WARN_UNUSED_VARIABLE = YES;
				IPHONEOS_DEPLOYMENT_TARGET = 7.0;
				ONLY_ACTIVE_ARCH = YES;
				SDKROOT = iphoneos;
			};
			name = Debug;
		};
		FBAF212518B5148100AC7B67 /* Release */ = {
			isa = XCBuildConfiguration;
			buildSettings = {
				ALWAYS_SEARCH_USER_PATHS = NO;
				ARCHS = "$(ARCHS_STANDARD_INCLUDING_64_BIT)";
				CLANG_CXX_LANGUAGE_STANDARD = "gnu++0x";
				CLANG_CXX_LIBRARY = "libc++";
				CLANG_ENABLE_MODULES = YES;
				CLANG_ENABLE_OBJC_ARC = YES;
				CLANG_WARN_BOOL_CONVERSION = YES;
				CLANG_WARN_CONSTANT_CONVERSION = YES;
				CLANG_WARN_DIRECT_OBJC_ISA_USAGE = YES_ERROR;
				CLANG_WARN_EMPTY_BODY = YES;
				CLANG_WARN_ENUM_CONVERSION = YES;
				CLANG_WARN_INT_CONVERSION = YES;
				CLANG_WARN_OBJC_ROOT_CLASS = YES_ERROR;
				CLANG_WARN__DUPLICATE_METHOD_MATCH = YES;
				"CODE_SIGN_IDENTITY[sdk=iphoneos*]" = "iPhone Developer";
				COPY_PHASE_STRIP = YES;
				ENABLE_NS_ASSERTIONS = NO;
				GCC_C_LANGUAGE_STANDARD = gnu99;
				GCC_WARN_64_TO_32_BIT_CONVERSION = YES;
				GCC_WARN_ABOUT_RETURN_TYPE = YES_ERROR;
				GCC_WARN_UNDECLARED_SELECTOR = YES;
				GCC_WARN_UNINITIALIZED_AUTOS = YES;
				GCC_WARN_UNUSED_FUNCTION = YES;
				GCC_WARN_UNUSED_VARIABLE = YES;
				IPHONEOS_DEPLOYMENT_TARGET = 7.0;
				SDKROOT = iphoneos;
				VALIDATE_PRODUCT = YES;
			};
			name = Release;
		};
		FBAF212718B5148100AC7B67 /* Debug */ = {
			isa = XCBuildConfiguration;
			buildSettings = {
				ASSETCATALOG_COMPILER_APPICON_NAME = AppIcon;
				ASSETCATALOG_COMPILER_LAUNCHIMAGE_NAME = LaunchImage;
				GCC_PRECOMPILE_PREFIX_HEADER = YES;
				GCC_PREFIX_HEADER = "examenParcial1/examenParcial1-Prefix.pch";
				INFOPLIST_FILE = "examenParcial1/examenParcial1-Info.plist";
				IPHONEOS_DEPLOYMENT_TARGET = 7.0;
				PRODUCT_NAME = "$(TARGET_NAME)";
				WRAPPER_EXTENSION = app;
			};
			name = Debug;
		};
		FBAF212818B5148100AC7B67 /* Release */ = {
			isa = XCBuildConfiguration;
			buildSettings = {
				ASSETCATALOG_COMPILER_APPICON_NAME = AppIcon;
				ASSETCATALOG_COMPILER_LAUNCHIMAGE_NAME = LaunchImage;
				GCC_PRECOMPILE_PREFIX_HEADER = YES;
				GCC_PREFIX_HEADER = "examenParcial1/examenParcial1-Prefix.pch";
				INFOPLIST_FILE = "examenParcial1/examenParcial1-Info.plist";
				IPHONEOS_DEPLOYMENT_TARGET = 7.0;
				PRODUCT_NAME = "$(TARGET_NAME)";
				WRAPPER_EXTENSION = app;
			};
			name = Release;
		};
		FBAF212A18B5148100AC7B67 /* Debug */ = {
			isa = XCBuildConfiguration;
			buildSettings = {
				ARCHS = "$(ARCHS_STANDARD_INCLUDING_64_BIT)";
				BUNDLE_LOADER = "$(BUILT_PRODUCTS_DIR)/examenParcial1.app/examenParcial1";
				FRAMEWORK_SEARCH_PATHS = (
					"$(SDKROOT)/Developer/Library/Frameworks",
					"$(inherited)",
					"$(DEVELOPER_FRAMEWORKS_DIR)",
				);
				GCC_PRECOMPILE_PREFIX_HEADER = YES;
				GCC_PREFIX_HEADER = "examenParcial1/examenParcial1-Prefix.pch";
				GCC_PREPROCESSOR_DEFINITIONS = (
					"DEBUG=1",
					"$(inherited)",
				);
				INFOPLIST_FILE = "examenParcial1Tests/examenParcial1Tests-Info.plist";
				PRODUCT_NAME = "$(TARGET_NAME)";
				TEST_HOST = "$(BUNDLE_LOADER)";
				WRAPPER_EXTENSION = xctest;
			};
			name = Debug;
		};
		FBAF212B18B5148100AC7B67 /* Release */ = {
			isa = XCBuildConfiguration;
			buildSettings = {
				ARCHS = "$(ARCHS_STANDARD_INCLUDING_64_BIT)";
				BUNDLE_LOADER = "$(BUILT_PRODUCTS_DIR)/examenParcial1.app/examenParcial1";
				FRAMEWORK_SEARCH_PATHS = (
					"$(SDKROOT)/Developer/Library/Frameworks",
					"$(inherited)",
					"$(DEVELOPER_FRAMEWORKS_DIR)",
				);
				GCC_PRECOMPILE_PREFIX_HEADER = YES;
				GCC_PREFIX_HEADER = "examenParcial1/examenParcial1-Prefix.pch";
				INFOPLIST_FILE = "examenParcial1Tests/examenParcial1Tests-Info.plist";
				PRODUCT_NAME = "$(TARGET_NAME)";
				TEST_HOST = "$(BUNDLE_LOADER)";
				WRAPPER_EXTENSION = xctest;
			};
			name = Release;
		};
/* End XCBuildConfiguration section */

/* Begin XCConfigurationList section */
		FBAF20EC18B5148100AC7B67 /* Build configuration list for PBXProject "examenParcial1" */ = {
			isa = XCConfigurationList;
			buildConfigurations = (
				FBAF212418B5148100AC7B67 /* Debug */,
				FBAF212518B5148100AC7B67 /* Release */,
			);
			defaultConfigurationIsVisible = 0;
			defaultConfigurationName = Release;
		};
		FBAF212618B5148100AC7B67 /* Build configuration list for PBXNativeTarget "examenParcial1" */ = {
			isa = XCConfigurationList;
			buildConfigurations = (
				FBAF212718B5148100AC7B67 /* Debug */,
				FBAF212818B5148100AC7B67 /* Release */,
			);
			defaultConfigurationIsVisible = 0;
			defaultConfigurationName = Release;
		};
		FBAF212918B5148100AC7B67 /* Build configuration list for PBXNativeTarget "examenParcial1Tests" */ = {
			isa = XCConfigurationList;
			buildConfigurations = (
				FBAF212A18B5148100AC7B67 /* Debug */,
				FBAF212B18B5148100AC7B67 /* Release */,
			);
			defaultConfigurationIsVisible = 0;
			defaultConfigurationName = Release;
		};
/* End XCConfigurationList section */
	};
	rootObject = FBAF20E918B5148100AC7B67 /* Project object */;
}
