// !$*UTF8*$!
{
	archiveVersion = 1;
	classes = {
	};
	objectVersion = 46;
	objects = {

/* Begin PBXBuildFile section */
		FB8669A1189968E700FFDB4D /* Foundation.framework in Frameworks */ = {isa = PBXBuildFile; fileRef = FB8669A0189968E700FFDB4D /* Foundation.framework */; };
		FB8669A3189968E700FFDB4D /* CoreGraphics.framework in Frameworks */ = {isa = PBXBuildFile; fileRef = FB8669A2189968E700FFDB4D /* CoreGraphics.framework */; };
		FB8669A5189968E700FFDB4D /* UIKit.framework in Frameworks */ = {isa = PBXBuildFile; fileRef = FB8669A4189968E700FFDB4D /* UIKit.framework */; };
		FB8669AB189968E700FFDB4D /* InfoPlist.strings in Resources */ = {isa = PBXBuildFile; fileRef = FB8669A9189968E700FFDB4D /* InfoPlist.strings */; };
		FB8669AD189968E700FFDB4D /* main.m in Sources */ = {isa = PBXBuildFile; fileRef = FB8669AC189968E700FFDB4D /* main.m */; };
		FB8669B1189968E700FFDB4D /* AppDelegate.m in Sources */ = {isa = PBXBuildFile; fileRef = FB8669B0189968E700FFDB4D /* AppDelegate.m */; };
		FB8669B4189968E700FFDB4D /* Main.storyboard in Resources */ = {isa = PBXBuildFile; fileRef = FB8669B2189968E700FFDB4D /* Main.storyboard */; };
		FB8669B7189968E700FFDB4D /* ViewController.m in Sources */ = {isa = PBXBuildFile; fileRef = FB8669B6189968E700FFDB4D /* ViewController.m */; };
		FB8669B9189968E700FFDB4D /* Images.xcassets in Resources */ = {isa = PBXBuildFile; fileRef = FB8669B8189968E700FFDB4D /* Images.xcassets */; };
		FB8669C0189968E700FFDB4D /* XCTest.framework in Frameworks */ = {isa = PBXBuildFile; fileRef = FB8669BF189968E700FFDB4D /* XCTest.framework */; };
		FB8669C1189968E700FFDB4D /* Foundation.framework in Frameworks */ = {isa = PBXBuildFile; fileRef = FB8669A0189968E700FFDB4D /* Foundation.framework */; };
		FB8669C2189968E700FFDB4D /* UIKit.framework in Frameworks */ = {isa = PBXBuildFile; fileRef = FB8669A4189968E700FFDB4D /* UIKit.framework */; };
		FB8669CA189968E700FFDB4D /* InfoPlist.strings in Resources */ = {isa = PBXBuildFile; fileRef = FB8669C8189968E700FFDB4D /* InfoPlist.strings */; };
		FB8669CC189968E700FFDB4D /* ticTacToeTests.m in Sources */ = {isa = PBXBuildFile; fileRef = FB8669CB189968E700FFDB4D /* ticTacToeTests.m */; };
		FB8669D8189968FE00FFDB4D /* o.png in Resources */ = {isa = PBXBuildFile; fileRef = FB8669D5189968FE00FFDB4D /* o.png */; };
		FB8669D9189968FE00FFDB4D /* tic-tac-toe-board.gif in Resources */ = {isa = PBXBuildFile; fileRef = FB8669D6189968FE00FFDB4D /* tic-tac-toe-board.gif */; };
		FB8669DA189968FE00FFDB4D /* x.png in Resources */ = {isa = PBXBuildFile; fileRef = FB8669D7189968FE00FFDB4D /* x.png */; };
/* End PBXBuildFile section */

/* Begin PBXContainerItemProxy section */
		FB8669C3189968E700FFDB4D /* PBXContainerItemProxy */ = {
			isa = PBXContainerItemProxy;
			containerPortal = FB866995189968E600FFDB4D /* Project object */;
			proxyType = 1;
			remoteGlobalIDString = FB86699C189968E700FFDB4D;
			remoteInfo = ticTacToe;
		};
/* End PBXContainerItemProxy section */

/* Begin PBXFileReference section */
		FB86699D189968E700FFDB4D /* ticTacToe.app */ = {isa = PBXFileReference; explicitFileType = wrapper.application; includeInIndex = 0; path = ticTacToe.app; sourceTree = BUILT_PRODUCTS_DIR; };
		FB8669A0189968E700FFDB4D /* Foundation.framework */ = {isa = PBXFileReference; lastKnownFileType = wrapper.framework; name = Foundation.framework; path = System/Library/Frameworks/Foundation.framework; sourceTree = SDKROOT; };
		FB8669A2189968E700FFDB4D /* CoreGraphics.framework */ = {isa = PBXFileReference; lastKnownFileType = wrapper.framework; name = CoreGraphics.framework; path = System/Library/Frameworks/CoreGraphics.framework; sourceTree = SDKROOT; };
		FB8669A4189968E700FFDB4D /* UIKit.framework */ = {isa = PBXFileReference; lastKnownFileType = wrapper.framework; name = UIKit.framework; path = System/Library/Frameworks/UIKit.framework; sourceTree = SDKROOT; };
		FB8669A8189968E700FFDB4D /* ticTacToe-Info.plist */ = {isa = PBXFileReference; lastKnownFileType = text.plist.xml; path = "ticTacToe-Info.plist"; sourceTree = "<group>"; };
		FB8669AA189968E700FFDB4D /* en */ = {isa = PBXFileReference; lastKnownFileType = text.plist.strings; name = en; path = en.lproj/InfoPlist.strings; sourceTree = "<group>"; };
		FB8669AC189968E700FFDB4D /* main.m */ = {isa = PBXFileReference; lastKnownFileType = sourcecode.c.objc; path = main.m; sourceTree = "<group>"; };
		FB8669AE189968E700FFDB4D /* ticTacToe-Prefix.pch */ = {isa = PBXFileReference; lastKnownFileType = sourcecode.c.h; path = "ticTacToe-Prefix.pch"; sourceTree = "<group>"; };
		FB8669AF189968E700FFDB4D /* AppDelegate.h */ = {isa = PBXFileReference; lastKnownFileType = sourcecode.c.h; path = AppDelegate.h; sourceTree = "<group>"; };
		FB8669B0189968E700FFDB4D /* AppDelegate.m */ = {isa = PBXFileReference; lastKnownFileType = sourcecode.c.objc; path = AppDelegate.m; sourceTree = "<group>"; };
		FB8669B3189968E700FFDB4D /* Base */ = {isa = PBXFileReference; lastKnownFileType = file.storyboard; name = Base; path = Base.lproj/Main.storyboard; sourceTree = "<group>"; };
		FB8669B5189968E700FFDB4D /* ViewController.h */ = {isa = PBXFileReference; lastKnownFileType = sourcecode.c.h; path = ViewController.h; sourceTree = "<group>"; };
		FB8669B6189968E700FFDB4D /* ViewController.m */ = {isa = PBXFileReference; lastKnownFileType = sourcecode.c.objc; path = ViewController.m; sourceTree = "<group>"; };
		FB8669B8189968E700FFDB4D /* Images.xcassets */ = {isa = PBXFileReference; lastKnownFileType = folder.assetcatalog; path = Images.xcassets; sourceTree = "<group>"; };
		FB8669BE189968E700FFDB4D /* ticTacToeTests.xctest */ = {isa = PBXFileReference; explicitFileType = wrapper.cfbundle; includeInIndex = 0; path = ticTacToeTests.xctest; sourceTree = BUILT_PRODUCTS_DIR; };
		FB8669BF189968E700FFDB4D /* XCTest.framework */ = {isa = PBXFileReference; lastKnownFileType = wrapper.framework; name = XCTest.framework; path = Library/Frameworks/XCTest.framework; sourceTree = DEVELOPER_DIR; };
		FB8669C7189968E700FFDB4D /* ticTacToeTests-Info.plist */ = {isa = PBXFileReference; lastKnownFileType = text.plist.xml; path = "ticTacToeTests-Info.plist"; sourceTree = "<group>"; };
		FB8669C9189968E700FFDB4D /* en */ = {isa = PBXFileReference; lastKnownFileType = text.plist.strings; name = en; path = en.lproj/InfoPlist.strings; sourceTree = "<group>"; };
		FB8669CB189968E700FFDB4D /* ticTacToeTests.m */ = {isa = PBXFileReference; lastKnownFileType = sourcecode.c.objc; path = ticTacToeTests.m; sourceTree = "<group>"; };
		FB8669D5189968FE00FFDB4D /* o.png */ = {isa = PBXFileReference; lastKnownFileType = image.png; path = o.png; sourceTree = "<group>"; };
		FB8669D6189968FE00FFDB4D /* tic-tac-toe-board.gif */ = {isa = PBXFileReference; lastKnownFileType = image.gif; path = "tic-tac-toe-board.gif"; sourceTree = "<group>"; };
		FB8669D7189968FE00FFDB4D /* x.png */ = {isa = PBXFileReference; lastKnownFileType = image.png; path = x.png; sourceTree = "<group>"; };
/* End PBXFileReference section */

/* Begin PBXFrameworksBuildPhase section */
		FB86699A189968E700FFDB4D /* Frameworks */ = {
			isa = PBXFrameworksBuildPhase;
			buildActionMask = 2147483647;
			files = (
				FB8669A3189968E700FFDB4D /* CoreGraphics.framework in Frameworks */,
				FB8669A5189968E700FFDB4D /* UIKit.framework in Frameworks */,
				FB8669A1189968E700FFDB4D /* Foundation.framework in Frameworks */,
			);
			runOnlyForDeploymentPostprocessing = 0;
		};
		FB8669BB189968E700FFDB4D /* Frameworks */ = {
			isa = PBXFrameworksBuildPhase;
			buildActionMask = 2147483647;
			files = (
				FB8669C0189968E700FFDB4D /* XCTest.framework in Frameworks */,
				FB8669C2189968E700FFDB4D /* UIKit.framework in Frameworks */,
				FB8669C1189968E700FFDB4D /* Foundation.framework in Frameworks */,
			);
			runOnlyForDeploymentPostprocessing = 0;
		};
/* End PBXFrameworksBuildPhase section */

/* Begin PBXGroup section */
		FB866994189968E600FFDB4D = {
			isa = PBXGroup;
			children = (
				FB8669A6189968E700FFDB4D /* ticTacToe */,
				FB8669C5189968E700FFDB4D /* ticTacToeTests */,
				FB86699F189968E700FFDB4D /* Frameworks */,
				FB86699E189968E700FFDB4D /* Products */,
			);
			sourceTree = "<group>";
		};
		FB86699E189968E700FFDB4D /* Products */ = {
			isa = PBXGroup;
			children = (
				FB86699D189968E700FFDB4D /* ticTacToe.app */,
				FB8669BE189968E700FFDB4D /* ticTacToeTests.xctest */,
			);
			name = Products;
			sourceTree = "<group>";
		};
		FB86699F189968E700FFDB4D /* Frameworks */ = {
			isa = PBXGroup;
			children = (
				FB8669A0189968E700FFDB4D /* Foundation.framework */,
				FB8669A2189968E700FFDB4D /* CoreGraphics.framework */,
				FB8669A4189968E700FFDB4D /* UIKit.framework */,
				FB8669BF189968E700FFDB4D /* XCTest.framework */,
			);
			name = Frameworks;
			sourceTree = "<group>";
		};
		FB8669A6189968E700FFDB4D /* ticTacToe */ = {
			isa = PBXGroup;
			children = (
				FB8669AF189968E700FFDB4D /* AppDelegate.h */,
				FB8669B0189968E700FFDB4D /* AppDelegate.m */,
				FB8669B2189968E700FFDB4D /* Main.storyboard */,
				FB8669B5189968E700FFDB4D /* ViewController.h */,
				FB8669B6189968E700FFDB4D /* ViewController.m */,
				FB8669D5189968FE00FFDB4D /* o.png */,
				FB8669D6189968FE00FFDB4D /* tic-tac-toe-board.gif */,
				FB8669D7189968FE00FFDB4D /* x.png */,
				FB8669B8189968E700FFDB4D /* Images.xcassets */,
				FB8669A7189968E700FFDB4D /* Supporting Files */,
			);
			path = ticTacToe;
			sourceTree = "<group>";
		};
		FB8669A7189968E700FFDB4D /* Supporting Files */ = {
			isa = PBXGroup;
			children = (
				FB8669A8189968E700FFDB4D /* ticTacToe-Info.plist */,
				FB8669A9189968E700FFDB4D /* InfoPlist.strings */,
				FB8669AC189968E700FFDB4D /* main.m */,
				FB8669AE189968E700FFDB4D /* ticTacToe-Prefix.pch */,
			);
			name = "Supporting Files";
			sourceTree = "<group>";
		};
		FB8669C5189968E700FFDB4D /* ticTacToeTests */ = {
			isa = PBXGroup;
			children = (
				FB8669CB189968E700FFDB4D /* ticTacToeTests.m */,
				FB8669C6189968E700FFDB4D /* Supporting Files */,
			);
			path = ticTacToeTests;
			sourceTree = "<group>";
		};
		FB8669C6189968E700FFDB4D /* Supporting Files */ = {
			isa = PBXGroup;
			children = (
				FB8669C7189968E700FFDB4D /* ticTacToeTests-Info.plist */,
				FB8669C8189968E700FFDB4D /* InfoPlist.strings */,
			);
			name = "Supporting Files";
			sourceTree = "<group>";
		};
/* End PBXGroup section */

/* Begin PBXNativeTarget section */
		FB86699C189968E700FFDB4D /* ticTacToe */ = {
			isa = PBXNativeTarget;
			buildConfigurationList = FB8669CF189968E700FFDB4D /* Build configuration list for PBXNativeTarget "ticTacToe" */;
			buildPhases = (
				FB866999189968E700FFDB4D /* Sources */,
				FB86699A189968E700FFDB4D /* Frameworks */,
				FB86699B189968E700FFDB4D /* Resources */,
			);
			buildRules = (
			);
			dependencies = (
			);
			name = ticTacToe;
			productName = ticTacToe;
			productReference = FB86699D189968E700FFDB4D /* ticTacToe.app */;
			productType = "com.apple.product-type.application";
		};
		FB8669BD189968E700FFDB4D /* ticTacToeTests */ = {
			isa = PBXNativeTarget;
			buildConfigurationList = FB8669D2189968E700FFDB4D /* Build configuration list for PBXNativeTarget "ticTacToeTests" */;
			buildPhases = (
				FB8669BA189968E700FFDB4D /* Sources */,
				FB8669BB189968E700FFDB4D /* Frameworks */,
				FB8669BC189968E700FFDB4D /* Resources */,
			);
			buildRules = (
			);
			dependencies = (
				FB8669C4189968E700FFDB4D /* PBXTargetDependency */,
			);
			name = ticTacToeTests;
			productName = ticTacToeTests;
			productReference = FB8669BE189968E700FFDB4D /* ticTacToeTests.xctest */;
			productType = "com.apple.product-type.bundle.unit-test";
		};
/* End PBXNativeTarget section */

/* Begin PBXProject section */
		FB866995189968E600FFDB4D /* Project object */ = {
			isa = PBXProject;
			attributes = {
				LastUpgradeCheck = 0500;
				ORGANIZATIONNAME = Alumno;
				TargetAttributes = {
					FB8669BD189968E700FFDB4D = {
						TestTargetID = FB86699C189968E700FFDB4D;
					};
				};
			};
			buildConfigurationList = FB866998189968E600FFDB4D /* Build configuration list for PBXProject "ticTacToe" */;
			compatibilityVersion = "Xcode 3.2";
			developmentRegion = English;
			hasScannedForEncodings = 0;
			knownRegions = (
				en,
				Base,
			);
			mainGroup = FB866994189968E600FFDB4D;
			productRefGroup = FB86699E189968E700FFDB4D /* Products */;
			projectDirPath = "";
			projectRoot = "";
			targets = (
				FB86699C189968E700FFDB4D /* ticTacToe */,
				FB8669BD189968E700FFDB4D /* ticTacToeTests */,
			);
		};
/* End PBXProject section */

/* Begin PBXResourcesBuildPhase section */
		FB86699B189968E700FFDB4D /* Resources */ = {
			isa = PBXResourcesBuildPhase;
			buildActionMask = 2147483647;
			files = (
				FB8669DA189968FE00FFDB4D /* x.png in Resources */,
				FB8669B9189968E700FFDB4D /* Images.xcassets in Resources */,
				FB8669D8189968FE00FFDB4D /* o.png in Resources */,
				FB8669AB189968E700FFDB4D /* InfoPlist.strings in Resources */,
				FB8669D9189968FE00FFDB4D /* tic-tac-toe-board.gif in Resources */,
				FB8669B4189968E700FFDB4D /* Main.storyboard in Resources */,
			);
			runOnlyForDeploymentPostprocessing = 0;
		};
		FB8669BC189968E700FFDB4D /* Resources */ = {
			isa = PBXResourcesBuildPhase;
			buildActionMask = 2147483647;
			files = (
				FB8669CA189968E700FFDB4D /* InfoPlist.strings in Resources */,
			);
			runOnlyForDeploymentPostprocessing = 0;
		};
/* End PBXResourcesBuildPhase section */

/* Begin PBXSourcesBuildPhase section */
		FB866999189968E700FFDB4D /* Sources */ = {
			isa = PBXSourcesBuildPhase;
			buildActionMask = 2147483647;
			files = (
				FB8669B7189968E700FFDB4D /* ViewController.m in Sources */,
				FB8669B1189968E700FFDB4D /* AppDelegate.m in Sources */,
				FB8669AD189968E700FFDB4D /* main.m in Sources */,
			);
			runOnlyForDeploymentPostprocessing = 0;
		};
		FB8669BA189968E700FFDB4D /* Sources */ = {
			isa = PBXSourcesBuildPhase;
			buildActionMask = 2147483647;
			files = (
				FB8669CC189968E700FFDB4D /* ticTacToeTests.m in Sources */,
			);
			runOnlyForDeploymentPostprocessing = 0;
		};
/* End PBXSourcesBuildPhase section */

/* Begin PBXTargetDependency section */
		FB8669C4189968E700FFDB4D /* PBXTargetDependency */ = {
			isa = PBXTargetDependency;
			target = FB86699C189968E700FFDB4D /* ticTacToe */;
			targetProxy = FB8669C3189968E700FFDB4D /* PBXContainerItemProxy */;
		};
/* End PBXTargetDependency section */

/* Begin PBXVariantGroup section */
		FB8669A9189968E700FFDB4D /* InfoPlist.strings */ = {
			isa = PBXVariantGroup;
			children = (
				FB8669AA189968E700FFDB4D /* en */,
			);
			name = InfoPlist.strings;
			sourceTree = "<group>";
		};
		FB8669B2189968E700FFDB4D /* Main.storyboard */ = {
			isa = PBXVariantGroup;
			children = (
				FB8669B3189968E700FFDB4D /* Base */,
			);
			name = Main.storyboard;
			sourceTree = "<group>";
		};
		FB8669C8189968E700FFDB4D /* InfoPlist.strings */ = {
			isa = PBXVariantGroup;
			children = (
				FB8669C9189968E700FFDB4D /* en */,
			);
			name = InfoPlist.strings;
			sourceTree = "<group>";
		};
/* End PBXVariantGroup section */

/* Begin XCBuildConfiguration section */
		FB8669CD189968E700FFDB4D /* Debug */ = {
			isa = XCBuildConfiguration;
			buildSettings = {
				ALWAYS_SEARCH_USER_PATHS = NO;
				ARCHS = "$(ARCHS_STANDARD_INCLUDING_64_BIT)";
				CLANG_CXX_LANGUAGE_STANDARD = "gnu++0x";
				CLANG_CXX_LIBRARY = "libc++";
				CLANG_ENABLE_MODULES = YES;
				CLANG_ENABLE_OBJC_ARC = YES;
				CLANG_WARN_BOOL_CONVERSION = YES;
				CLANG_WARN_CONSTANT_CONVERSION = YES;
				CLANG_WARN_DIRECT_OBJC_ISA_USAGE = YES_ERROR;
				CLANG_WARN_EMPTY_BODY = YES;
				CLANG_WARN_ENUM_CONVERSION = YES;
				CLANG_WARN_INT_CONVERSION = YES;
				CLANG_WARN_OBJC_ROOT_CLASS = YES_ERROR;
				CLANG_WARN__DUPLICATE_METHOD_MATCH = YES;
				"CODE_SIGN_IDENTITY[sdk=iphoneos*]" = "iPhone Developer";
				COPY_PHASE_STRIP = NO;
				GCC_C_LANGUAGE_STANDARD = gnu99;
				GCC_DYNAMIC_NO_PIC = NO;
				GCC_OPTIMIZATION_LEVEL = 0;
				GCC_PREPROCESSOR_DEFINITIONS = (
					"DEBUG=1",
					"$(inherited)",
				);
				GCC_SYMBOLS_PRIVATE_EXTERN = NO;
				GCC_WARN_64_TO_32_BIT_CONVERSION = YES;
				GCC_WARN_ABOUT_RETURN_TYPE = YES_ERROR;
				GCC_WARN_UNDECLARED_SELECTOR = YES;
				GCC_WARN_UNINITIALIZED_AUTOS = YES;
				GCC_WARN_UNUSED_FUNCTION = YES;
				GCC_WARN_UNUSED_VARIABLE = YES;
				IPHONEOS_DEPLOYMENT_TARGET = 7.0;
				ONLY_ACTIVE_ARCH = YES;
				SDKROOT = iphoneos;
			};
			name = Debug;
		};
		FB8669CE189968E700FFDB4D /* Release */ = {
			isa = XCBuildConfiguration;
			buildSettings = {
				ALWAYS_SEARCH_USER_PATHS = NO;
				ARCHS = "$(ARCHS_STANDARD_INCLUDING_64_BIT)";
				CLANG_CXX_LANGUAGE_STANDARD = "gnu++0x";
				CLANG_CXX_LIBRARY = "libc++";
				CLANG_ENABLE_MODULES = YES;
				CLANG_ENABLE_OBJC_ARC = YES;
				CLANG_WARN_BOOL_CONVERSION = YES;
				CLANG_WARN_CONSTANT_CONVERSION = YES;
				CLANG_WARN_DIRECT_OBJC_ISA_USAGE = YES_ERROR;
				CLANG_WARN_EMPTY_BODY = YES;
				CLANG_WARN_ENUM_CONVERSION = YES;
				CLANG_WARN_INT_CONVERSION = YES;
				CLANG_WARN_OBJC_ROOT_CLASS = YES_ERROR;
				CLANG_WARN__DUPLICATE_METHOD_MATCH = YES;
				"CODE_SIGN_IDENTITY[sdk=iphoneos*]" = "iPhone Developer";
				COPY_PHASE_STRIP = YES;
				ENABLE_NS_ASSERTIONS = NO;
				GCC_C_LANGUAGE_STANDARD = gnu99;
				GCC_WARN_64_TO_32_BIT_CONVERSION = YES;
				GCC_WARN_ABOUT_RETURN_TYPE = YES_ERROR;
				GCC_WARN_UNDECLARED_SELECTOR = YES;
				GCC_WARN_UNINITIALIZED_AUTOS = YES;
				GCC_WARN_UNUSED_FUNCTION = YES;
				GCC_WARN_UNUSED_VARIABLE = YES;
				IPHONEOS_DEPLOYMENT_TARGET = 7.0;
				SDKROOT = iphoneos;
				VALIDATE_PRODUCT = YES;
			};
			name = Release;
		};
		FB8669D0189968E700FFDB4D /* Debug */ = {
			isa = XCBuildConfiguration;
			buildSettings = {
				ASSETCATALOG_COMPILER_APPICON_NAME = AppIcon;
				ASSETCATALOG_COMPILER_LAUNCHIMAGE_NAME = LaunchImage;
				GCC_PRECOMPILE_PREFIX_HEADER = YES;
				GCC_PREFIX_HEADER = "ticTacToe/ticTacToe-Prefix.pch";
				INFOPLIST_FILE = "ticTacToe/ticTacToe-Info.plist";
				PRODUCT_NAME = "$(TARGET_NAME)";
				WRAPPER_EXTENSION = app;
			};
			name = Debug;
		};
		FB8669D1189968E700FFDB4D /* Release */ = {
			isa = XCBuildConfiguration;
			buildSettings = {
				ASSETCATALOG_COMPILER_APPICON_NAME = AppIcon;
				ASSETCATALOG_COMPILER_LAUNCHIMAGE_NAME = LaunchImage;
				GCC_PRECOMPILE_PREFIX_HEADER = YES;
				GCC_PREFIX_HEADER = "ticTacToe/ticTacToe-Prefix.pch";
				INFOPLIST_FILE = "ticTacToe/ticTacToe-Info.plist";
				PRODUCT_NAME = "$(TARGET_NAME)";
				WRAPPER_EXTENSION = app;
			};
			name = Release;
		};
		FB8669D3189968E700FFDB4D /* Debug */ = {
			isa = XCBuildConfiguration;
			buildSettings = {
				ARCHS = "$(ARCHS_STANDARD_INCLUDING_64_BIT)";
				BUNDLE_LOADER = "$(BUILT_PRODUCTS_DIR)/ticTacToe.app/ticTacToe";
				FRAMEWORK_SEARCH_PATHS = (
					"$(SDKROOT)/Developer/Library/Frameworks",
					"$(inherited)",
					"$(DEVELOPER_FRAMEWORKS_DIR)",
				);
				GCC_PRECOMPILE_PREFIX_HEADER = YES;
				GCC_PREFIX_HEADER = "ticTacToe/ticTacToe-Prefix.pch";
				GCC_PREPROCESSOR_DEFINITIONS = (
					"DEBUG=1",
					"$(inherited)",
				);
				INFOPLIST_FILE = "ticTacToeTests/ticTacToeTests-Info.plist";
				PRODUCT_NAME = "$(TARGET_NAME)";
				TEST_HOST = "$(BUNDLE_LOADER)";
				WRAPPER_EXTENSION = xctest;
			};
			name = Debug;
		};
		FB8669D4189968E700FFDB4D /* Release */ = {
			isa = XCBuildConfiguration;
			buildSettings = {
				ARCHS = "$(ARCHS_STANDARD_INCLUDING_64_BIT)";
				BUNDLE_LOADER = "$(BUILT_PRODUCTS_DIR)/ticTacToe.app/ticTacToe";
				FRAMEWORK_SEARCH_PATHS = (
					"$(SDKROOT)/Developer/Library/Frameworks",
					"$(inherited)",
					"$(DEVELOPER_FRAMEWORKS_DIR)",
				);
				GCC_PRECOMPILE_PREFIX_HEADER = YES;
				GCC_PREFIX_HEADER = "ticTacToe/ticTacToe-Prefix.pch";
				INFOPLIST_FILE = "ticTacToeTests/ticTacToeTests-Info.plist";
				PRODUCT_NAME = "$(TARGET_NAME)";
				TEST_HOST = "$(BUNDLE_LOADER)";
				WRAPPER_EXTENSION = xctest;
			};
			name = Release;
		};
/* End XCBuildConfiguration section */

/* Begin XCConfigurationList section */
		FB866998189968E600FFDB4D /* Build configuration list for PBXProject "ticTacToe" */ = {
			isa = XCConfigurationList;
			buildConfigurations = (
				FB8669CD189968E700FFDB4D /* Debug */,
				FB8669CE189968E700FFDB4D /* Release */,
			);
			defaultConfigurationIsVisible = 0;
			defaultConfigurationName = Release;
		};
		FB8669CF189968E700FFDB4D /* Build configuration list for PBXNativeTarget "ticTacToe" */ = {
			isa = XCConfigurationList;
			buildConfigurations = (
				FB8669D0189968E700FFDB4D /* Debug */,
				FB8669D1189968E700FFDB4D /* Release */,
			);
			defaultConfigurationIsVisible = 0;
			defaultConfigurationName = Release;
		};
		FB8669D2189968E700FFDB4D /* Build configuration list for PBXNativeTarget "ticTacToeTests" */ = {
			isa = XCConfigurationList;
			buildConfigurations = (
				FB8669D3189968E700FFDB4D /* Debug */,
				FB8669D4189968E700FFDB4D /* Release */,
			);
			defaultConfigurationIsVisible = 0;
			defaultConfigurationName = Release;
		};
/* End XCConfigurationList section */
	};
	rootObject = FB866995189968E600FFDB4D /* Project object */;
}
